{
  "version": 4,
  "terraform_version": "0.15.5",
  "serial": 143,
  "lineage": "64a97ce5-ad25-66cf-3428-43cfe2312057",
  "outputs": {
    "kops_hosted_zone_name_servers": {
      "value": [
        "ns-1243.awsdns-27.org",
        "ns-1567.awsdns-03.co.uk",
        "ns-481.awsdns-60.com",
        "ns-906.awsdns-49.net"
      ],
      "type": [
        "list",
        "string"
      ]
    },
    "kops_s3_bucket_name": {
      "value": "dev-kops-s3",
      "type": "string"
    },
    "multicluster_config_output": {
      "value": {
        "1": {
          "azs": [
            "ap-northeast-1a"
          ],
          "cluster_id": "1",
          "cluster_name": "k8s.vpc-apne1.dev.svoe.link",
          "default_security_group_id": "sg-01436fe8465d9c6f8",
          "environment": "dev",
          "k8s_non_masquerade_cidr": "100.64.0.0/10",
          "kops_s3_bucket_name": "dev-kops-s3",
          "name_prefix": "k8s",
          "natgw_ids": [],
          "private_subnets": [],
          "public_subnets": [
            "subnet-0af26ff6b484dd1e8"
          ],
          "region": "ap-northeast-1",
          "vpc_cidr_block": "10.100.0.0/16",
          "vpc_id": "vpc-02eba23ddbbf5c077",
          "vpc_name": "vpc-apne1"
        }
      },
      "type": [
        "object",
        {
          "1": [
            "object",
            {
              "azs": [
                "list",
                "string"
              ],
              "cluster_id": "string",
              "cluster_name": "string",
              "default_security_group_id": "string",
              "environment": "string",
              "k8s_non_masquerade_cidr": "string",
              "kops_s3_bucket_name": "string",
              "name_prefix": "string",
              "natgw_ids": [
                "tuple",
                []
              ],
              "private_subnets": [
                "tuple",
                []
              ],
              "public_subnets": [
                "tuple",
                [
                  "string"
                ]
              ],
              "region": "string",
              "vpc_cidr_block": "string",
              "vpc_id": "string",
              "vpc_name": "string"
            }
          ]
        }
      ]
    },
    "vpc_mesh_output": {
      "value": {
        "vpc-apne1": {
          "azs": [
            "ap-northeast-1a"
          ],
          "default_security_group_id": "sg-01436fe8465d9c6f8",
          "natgw_ids": [],
          "private_subnets": [],
          "public_subnets": [
            "subnet-0af26ff6b484dd1e8"
          ],
          "region": "ap-northeast-1",
          "vpc_cidr_block": "10.100.0.0/16",
          "vpc_id": "vpc-02eba23ddbbf5c077"
        },
        "vpc-apse1": {
          "azs": [
            "ap-southeast-1a"
          ],
          "default_security_group_id": "sg-094da6acc991bfe1b",
          "natgw_ids": [],
          "private_subnets": [],
          "public_subnets": [
            "subnet-0f00257a3d86dd480"
          ],
          "region": "ap-southeast-1",
          "vpc_cidr_block": "10.200.0.0/16",
          "vpc_id": "vpc-068f1f538267269b2"
        }
      },
      "type": [
        "object",
        {
          "vpc-apne1": [
            "object",
            {
              "azs": [
                "list",
                "string"
              ],
              "default_security_group_id": "string",
              "natgw_ids": [
                "tuple",
                []
              ],
              "private_subnets": [
                "tuple",
                []
              ],
              "public_subnets": [
                "tuple",
                [
                  "string"
                ]
              ],
              "region": "string",
              "vpc_cidr_block": "string",
              "vpc_id": "string"
            }
          ],
          "vpc-apse1": [
            "object",
            {
              "azs": [
                "list",
                "string"
              ],
              "default_security_group_id": "string",
              "natgw_ids": [
                "tuple",
                []
              ],
              "private_subnets": [
                "tuple",
                []
              ],
              "public_subnets": [
                "tuple",
                [
                  "string"
                ]
              ],
              "region": "string",
              "vpc_cidr_block": "string",
              "vpc_id": "string"
            }
          ]
        }
      ]
    }
  },
  "resources": [
    {
      "module": "module.apn1_kops_resources",
      "mode": "managed",
      "type": "aws_route53_zone",
      "name": "hosted_zone",
      "provider": "module.apn1_kops_resources.provider[\"registry.terraform.io/hashicorp/aws\"]",
      "instances": [
        {
          "schema_version": 0,
          "attributes": {
            "arn": "arn:aws:route53:::hostedzone/Z0884235AI0F6QJ3XB7D",
            "comment": "Managed by Terraform",
            "delegation_set_id": "",
            "force_destroy": false,
            "id": "Z0884235AI0F6QJ3XB7D",
            "name": "svoe.link",
            "name_servers": [
              "ns-1243.awsdns-27.org",
              "ns-1567.awsdns-03.co.uk",
              "ns-481.awsdns-60.com",
              "ns-906.awsdns-49.net"
            ],
            "tags": {},
            "tags_all": {},
            "vpc": [],
            "zone_id": "Z0884235AI0F6QJ3XB7D"
          },
          "sensitive_attributes": [],
          "private": "bnVsbA=="
        }
      ]
    },
    {
      "module": "module.apn1_kops_resources",
      "mode": "managed",
      "type": "aws_s3_bucket",
      "name": "kops_state",
      "provider": "module.apn1_kops_resources.provider[\"registry.terraform.io/hashicorp/aws\"]",
      "instances": [
        {
          "schema_version": 0,
          "attributes": {
            "acceleration_status": "",
            "acl": "private",
            "arn": "arn:aws:s3:::dev-kops-s3",
            "bucket": "dev-kops-s3",
            "bucket_domain_name": "dev-kops-s3.s3.amazonaws.com",
            "bucket_prefix": null,
            "bucket_regional_domain_name": "dev-kops-s3.s3.ap-northeast-1.amazonaws.com",
            "cors_rule": [],
            "force_destroy": false,
            "grant": [],
            "hosted_zone_id": "Z2M4EHUR26P7ZW",
            "id": "dev-kops-s3",
            "lifecycle_rule": [],
            "logging": [],
            "object_lock_configuration": [],
            "policy": null,
            "region": "ap-northeast-1",
            "replication_configuration": [],
            "request_payer": "BucketOwner",
            "server_side_encryption_configuration": [],
            "tags": {
              "Application": "kops",
              "Description": "S3 Bucket for KOPS state"
            },
            "tags_all": {
              "Application": "kops",
              "Description": "S3 Bucket for KOPS state"
            },
            "versioning": [
              {
                "enabled": true,
                "mfa_delete": false
              }
            ],
            "website": [],
            "website_domain": null,
            "website_endpoint": null
          },
          "sensitive_attributes": [],
          "private": "bnVsbA=="
        }
      ]
    },
    {
      "module": "module.glue",
      "mode": "data",
      "type": "aws_iam_policy",
      "name": "AWSGlueServiceRole",
      "provider": "module.glue.provider[\"registry.terraform.io/hashicorp/aws\"]",
      "instances": [
        {
          "schema_version": 0,
          "attributes": {
            "arn": "arn:aws:iam::aws:policy/service-role/AWSGlueServiceRole",
            "description": "Policy for AWS Glue service role which allows access to related services including EC2, S3, and Cloudwatch Logs",
            "id": "arn:aws:iam::aws:policy/service-role/AWSGlueServiceRole",
            "name": "AWSGlueServiceRole",
            "path": "/service-role/",
            "path_prefix": null,
            "policy": "{\n    \"Version\": \"2012-10-17\",\n    \"Statement\": [\n        {\n            \"Effect\": \"Allow\",\n            \"Action\": [\n                \"glue:*\",\n                \"s3:GetBucketLocation\",\n                \"s3:ListBucket\",\n                \"s3:ListAllMyBuckets\",\n                \"s3:GetBucketAcl\",\n                \"ec2:DescribeVpcEndpoints\",\n                \"ec2:DescribeRouteTables\",\n                \"ec2:CreateNetworkInterface\",\n                \"ec2:DeleteNetworkInterface\", \n                \"ec2:DescribeNetworkInterfaces\",\n                \"ec2:DescribeSecurityGroups\",\n                \"ec2:DescribeSubnets\",\n                \"ec2:DescribeVpcAttribute\",\n                \"iam:ListRolePolicies\",\n                \"iam:GetRole\",\n                \"iam:GetRolePolicy\",\n                \"cloudwatch:PutMetricData\"\n            ],\n            \"Resource\": [\n                \"*\"\n            ]\n        },\n        {\n            \"Effect\": \"Allow\",\n            \"Action\": [\n                \"s3:CreateBucket\"\n            ],\n            \"Resource\": [\n                \"arn:aws:s3:::aws-glue-*\"\n            ]\n        },\n        {\n            \"Effect\": \"Allow\",\n            \"Action\": [\n                \"s3:GetObject\",\n                \"s3:PutObject\",\n                \"s3:DeleteObject\"\n            ],\n            \"Resource\": [\n                \"arn:aws:s3:::aws-glue-*/*\",\n                \"arn:aws:s3:::*/*aws-glue-*/*\"\n            ]\n        },\n        {\n            \"Effect\": \"Allow\",\n            \"Action\": [\n                \"s3:GetObject\"\n            ],\n            \"Resource\": [\n                \"arn:aws:s3:::crawler-public*\",\n                \"arn:aws:s3:::aws-glue-*\"\n            ]\n        },\n        {\n            \"Effect\": \"Allow\",\n            \"Action\": [\n                \"logs:CreateLogGroup\",\n                \"logs:CreateLogStream\",\n                \"logs:PutLogEvents\"\n            ],\n            \"Resource\": [\n                \"arn:aws:logs:*:*:/aws-glue/*\"\n            ]\n        },\n        {\n            \"Effect\": \"Allow\",\n            \"Action\": [\n                \"ec2:CreateTags\",\n                \"ec2:DeleteTags\"\n            ],\n            \"Condition\": {\n                \"ForAllValues:StringEquals\": {\n                    \"aws:TagKeys\": [\n                        \"aws-glue-service-resource\"\n                    ]\n                }\n            },\n            \"Resource\": [\n                \"arn:aws:ec2:*:*:network-interface/*\",\n                \"arn:aws:ec2:*:*:security-group/*\",\n                \"arn:aws:ec2:*:*:instance/*\"\n            ]\n        }\n    ]\n}",
            "policy_id": "ANPAIRUJCPEBPMEZFAS32",
            "tags": {}
          },
          "sensitive_attributes": []
        }
      ]
    },
    {
      "module": "module.glue",
      "mode": "data",
      "type": "aws_iam_policy_document",
      "name": "extra-policy-document",
      "provider": "module.glue.provider[\"registry.terraform.io/hashicorp/aws\"]",
      "instances": [
        {
          "schema_version": 0,
          "attributes": {
            "id": "3621144484",
            "json": "{\n  \"Version\": \"2012-10-17\",\n  \"Statement\": [\n    {\n      \"Sid\": \"\",\n      \"Effect\": \"Allow\",\n      \"Action\": [\n        \"s3:ListBucket\",\n        \"s3:ListAllMyBuckets\",\n        \"s3:GetObject\",\n        \"s3:GetBucketLocation\",\n        \"s3:GetBucketAcl\"\n      ],\n      \"Resource\": [\n        \"arn:aws:s3:::svoe.test.1/*\",\n        \"arn:aws:s3:::svoe.test.1\"\n      ]\n    }\n  ]\n}",
            "override_json": null,
            "override_policy_documents": null,
            "policy_id": null,
            "source_json": null,
            "source_policy_documents": null,
            "statement": [
              {
                "actions": [
                  "s3:GetBucketAcl",
                  "s3:GetBucketLocation",
                  "s3:GetObject",
                  "s3:ListAllMyBuckets",
                  "s3:ListBucket"
                ],
                "condition": [],
                "effect": "Allow",
                "not_actions": [],
                "not_principals": [],
                "not_resources": [],
                "principals": [],
                "resources": [
                  "arn:aws:s3:::svoe.test.1",
                  "arn:aws:s3:::svoe.test.1/*"
                ],
                "sid": ""
              }
            ],
            "version": "2012-10-17"
          },
          "sensitive_attributes": []
        }
      ]
    },
    {
      "module": "module.glue",
      "mode": "data",
      "type": "aws_iam_policy_document",
      "name": "glue-assume-role-policy",
      "provider": "module.glue.provider[\"registry.terraform.io/hashicorp/aws\"]",
      "instances": [
        {
          "schema_version": 0,
          "attributes": {
            "id": "3118019012",
            "json": "{\n  \"Version\": \"2012-10-17\",\n  \"Statement\": [\n    {\n      \"Sid\": \"\",\n      \"Effect\": \"Allow\",\n      \"Action\": \"sts:AssumeRole\",\n      \"Principal\": {\n        \"Service\": \"glue.amazonaws.com\"\n      }\n    }\n  ]\n}",
            "override_json": null,
            "override_policy_documents": null,
            "policy_id": null,
            "source_json": null,
            "source_policy_documents": null,
            "statement": [
              {
                "actions": [
                  "sts:AssumeRole"
                ],
                "condition": [],
                "effect": "Allow",
                "not_actions": [],
                "not_principals": [],
                "not_resources": [],
                "principals": [
                  {
                    "identifiers": [
                      "glue.amazonaws.com"
                    ],
                    "type": "Service"
                  }
                ],
                "resources": [],
                "sid": ""
              }
            ],
            "version": "2012-10-17"
          },
          "sensitive_attributes": []
        }
      ]
    },
    {
      "module": "module.glue",
      "mode": "managed",
      "type": "aws_athena_workgroup",
      "name": "example-workgroup",
      "provider": "module.glue.provider[\"registry.terraform.io/hashicorp/aws\"]",
      "instances": [
        {
          "schema_version": 0,
          "attributes": {
            "arn": "arn:aws:athena:ap-northeast-1:050011372339:workgroup/query_workgroup",
            "configuration": [
              {
                "bytes_scanned_cutoff_per_query": 0,
                "enforce_workgroup_configuration": true,
                "engine_version": [
                  {
                    "effective_engine_version": "Athena engine version 2",
                    "selected_engine_version": "AUTO"
                  }
                ],
                "publish_cloudwatch_metrics_enabled": true,
                "requester_pays_enabled": false,
                "result_configuration": [
                  {
                    "encryption_configuration": [],
                    "output_location": "s3://svoe-athena-query-reults/query-results/"
                  }
                ]
              }
            ],
            "description": "",
            "force_destroy": true,
            "id": "query_workgroup",
            "name": "query_workgroup",
            "state": "ENABLED",
            "tags": {},
            "tags_all": {}
          },
          "sensitive_attributes": [],
          "private": "bnVsbA==",
          "dependencies": [
            "module.glue.aws_s3_bucket.athena-results"
          ]
        }
      ]
    },
    {
      "module": "module.glue",
      "mode": "managed",
      "type": "aws_glue_catalog_database",
      "name": "svoe-glue-db",
      "provider": "module.glue.provider[\"registry.terraform.io/hashicorp/aws\"]",
      "instances": [
        {
          "schema_version": 0,
          "attributes": {
            "arn": "arn:aws:glue:ap-northeast-1:050011372339:database/svoe_glue_db",
            "catalog_id": "050011372339",
            "description": "",
            "id": "050011372339:svoe_glue_db",
            "location_uri": "",
            "name": "svoe_glue_db",
            "parameters": {},
            "target_database": []
          },
          "sensitive_attributes": [],
          "private": "bnVsbA=="
        }
      ]
    },
    {
      "module": "module.glue",
      "mode": "managed",
      "type": "aws_glue_crawler",
      "name": "svoe-test-crawler",
      "provider": "module.glue.provider[\"registry.terraform.io/hashicorp/aws\"]",
      "instances": [
        {
          "schema_version": 0,
          "attributes": {
            "arn": "arn:aws:glue:ap-northeast-1:050011372339:crawler/test_crawler",
            "catalog_target": [],
            "classifiers": [],
            "configuration": "",
            "database_name": "svoe_glue_db",
            "description": "",
            "dynamodb_target": [],
            "id": "test_crawler",
            "jdbc_target": [],
            "lineage_configuration": [
              {
                "crawler_lineage_settings": "DISABLE"
              }
            ],
            "mongodb_target": [],
            "name": "test_crawler",
            "recrawl_policy": [
              {
                "recrawl_behavior": "CRAWL_EVERYTHING"
              }
            ],
            "role": "glue_role",
            "s3_target": [
              {
                "connection_name": "",
                "dlq_event_queue_arn": "",
                "event_queue_arn": "",
                "exclusions": [],
                "path": "s3://svoe.test.1/",
                "sample_size": 0
              }
            ],
            "schedule": "",
            "schema_change_policy": [
              {
                "delete_behavior": "DEPRECATE_IN_DATABASE",
                "update_behavior": "UPDATE_IN_DATABASE"
              }
            ],
            "security_configuration": "",
            "table_prefix": "",
            "tags": {},
            "tags_all": {}
          },
          "sensitive_attributes": [],
          "private": "bnVsbA==",
          "dependencies": [
            "module.glue.aws_glue_catalog_database.svoe-glue-db",
            "module.glue.aws_iam_role.glue-role",
            "module.glue.data.aws_iam_policy_document.glue-assume-role-policy"
          ]
        }
      ]
    },
    {
      "module": "module.glue",
      "mode": "managed",
      "type": "aws_iam_policy",
      "name": "extra-policy",
      "provider": "module.glue.provider[\"registry.terraform.io/hashicorp/aws\"]",
      "instances": [
        {
          "schema_version": 0,
          "attributes": {
            "arn": "arn:aws:iam::050011372339:policy/extra-policy",
            "description": "A test policy",
            "id": "arn:aws:iam::050011372339:policy/extra-policy",
            "name": "extra-policy",
            "name_prefix": null,
            "path": "/",
            "policy": "{\"Statement\":[{\"Action\":[\"s3:ListBucket\",\"s3:ListAllMyBuckets\",\"s3:GetObject\",\"s3:GetBucketLocation\",\"s3:GetBucketAcl\"],\"Effect\":\"Allow\",\"Resource\":[\"arn:aws:s3:::svoe.test.1/*\",\"arn:aws:s3:::svoe.test.1\"],\"Sid\":\"\"}],\"Version\":\"2012-10-17\"}",
            "policy_id": "ANPAQXJHI7MZX4EA7SGUN",
            "tags": {},
            "tags_all": {}
          },
          "sensitive_attributes": [],
          "private": "bnVsbA==",
          "dependencies": [
            "module.glue.data.aws_iam_policy_document.extra-policy-document"
          ]
        }
      ]
    },
    {
      "module": "module.glue",
      "mode": "managed",
      "type": "aws_iam_role",
      "name": "glue-role",
      "provider": "module.glue.provider[\"registry.terraform.io/hashicorp/aws\"]",
      "instances": [
        {
          "schema_version": 0,
          "attributes": {
            "arn": "arn:aws:iam::050011372339:role/glue_role",
            "assume_role_policy": "{\"Version\":\"2012-10-17\",\"Statement\":[{\"Sid\":\"\",\"Effect\":\"Allow\",\"Principal\":{\"Service\":\"glue.amazonaws.com\"},\"Action\":\"sts:AssumeRole\"}]}",
            "create_date": "2021-09-09T09:23:11Z",
            "description": "",
            "force_detach_policies": false,
            "id": "glue_role",
            "inline_policy": [
              {
                "name": "",
                "policy": ""
              }
            ],
            "managed_policy_arns": [
              "arn:aws:iam::050011372339:policy/extra-policy",
              "arn:aws:iam::aws:policy/service-role/AWSGlueServiceRole"
            ],
            "max_session_duration": 3600,
            "name": "glue_role",
            "name_prefix": "",
            "path": "/",
            "permissions_boundary": null,
            "tags": {},
            "tags_all": {},
            "unique_id": "AROAQXJHI7MZ7LBJPJIYU"
          },
          "sensitive_attributes": [],
          "private": "bnVsbA==",
          "dependencies": [
            "module.glue.data.aws_iam_policy_document.glue-assume-role-policy"
          ]
        }
      ]
    },
    {
      "module": "module.glue",
      "mode": "managed",
      "type": "aws_iam_role_policy_attachment",
      "name": "extra-policy-attachment",
      "provider": "module.glue.provider[\"registry.terraform.io/hashicorp/aws\"]",
      "instances": [
        {
          "schema_version": 0,
          "attributes": {
            "id": "glue_role-20210909092314282800000002",
            "policy_arn": "arn:aws:iam::050011372339:policy/extra-policy",
            "role": "glue_role"
          },
          "sensitive_attributes": [],
          "private": "bnVsbA==",
          "dependencies": [
            "module.glue.aws_iam_policy.extra-policy",
            "module.glue.aws_iam_role.glue-role",
            "module.glue.data.aws_iam_policy_document.extra-policy-document",
            "module.glue.data.aws_iam_policy_document.glue-assume-role-policy"
          ]
        }
      ]
    },
    {
      "module": "module.glue",
      "mode": "managed",
      "type": "aws_iam_role_policy_attachment",
      "name": "glue-service-role-attachment",
      "provider": "module.glue.provider[\"registry.terraform.io/hashicorp/aws\"]",
      "instances": [
        {
          "schema_version": 0,
          "attributes": {
            "id": "glue_role-20210909092314247700000001",
            "policy_arn": "arn:aws:iam::aws:policy/service-role/AWSGlueServiceRole",
            "role": "glue_role"
          },
          "sensitive_attributes": [],
          "private": "bnVsbA==",
          "dependencies": [
            "module.glue.aws_iam_role.glue-role",
            "module.glue.data.aws_iam_policy.AWSGlueServiceRole",
            "module.glue.data.aws_iam_policy_document.glue-assume-role-policy"
          ]
        }
      ]
    },
    {
      "module": "module.glue",
      "mode": "managed",
      "type": "aws_s3_bucket",
      "name": "athena-results",
      "provider": "module.glue.provider[\"registry.terraform.io/hashicorp/aws\"]",
      "instances": [
        {
          "schema_version": 0,
          "attributes": {
            "acceleration_status": "",
            "acl": "private",
            "arn": "arn:aws:s3:::svoe-athena-query-reults",
            "bucket": "svoe-athena-query-reults",
            "bucket_domain_name": "svoe-athena-query-reults.s3.amazonaws.com",
            "bucket_prefix": null,
            "bucket_regional_domain_name": "svoe-athena-query-reults.s3.ap-northeast-1.amazonaws.com",
            "cors_rule": [],
            "force_destroy": true,
            "grant": [],
            "hosted_zone_id": "Z2M4EHUR26P7ZW",
            "id": "svoe-athena-query-reults",
            "lifecycle_rule": [],
            "logging": [],
            "object_lock_configuration": [],
            "policy": null,
            "region": "ap-northeast-1",
            "replication_configuration": [],
            "request_payer": "BucketOwner",
            "server_side_encryption_configuration": [],
            "tags": {},
            "tags_all": {},
            "versioning": [
              {
                "enabled": false,
                "mfa_delete": false
              }
            ],
            "website": [],
            "website_domain": null,
            "website_endpoint": null
          },
          "sensitive_attributes": [],
          "private": "bnVsbA=="
        }
      ]
    },
    {
      "module": "module.vpc_mesh",
      "mode": "data",
      "type": "aws_route_tables",
      "name": "rts-vpc-apne1",
      "provider": "module.vpc_mesh.provider[\"registry.terraform.io/hashicorp/aws\"].ap-northeast-1",
      "instances": [
        {
          "schema_version": 0,
          "attributes": {
            "filter": null,
            "id": "ap-northeast-1",
            "ids": [
              "rtb-0c236ff9e22ab2e81",
              "rtb-0e702651b0e8054ae"
            ],
            "tags": null,
            "vpc_id": "vpc-02eba23ddbbf5c077"
          },
          "sensitive_attributes": []
        }
      ]
    },
    {
      "module": "module.vpc_mesh",
      "mode": "data",
      "type": "aws_route_tables",
      "name": "rts-vpc-apse1",
      "provider": "module.vpc_mesh.provider[\"registry.terraform.io/hashicorp/aws\"].ap-southeast-1",
      "instances": [
        {
          "schema_version": 0,
          "attributes": {
            "filter": null,
            "id": "ap-southeast-1",
            "ids": [
              "rtb-0134c5a67d125eb71",
              "rtb-058cc05995924fbae"
            ],
            "tags": null,
            "vpc_id": "vpc-068f1f538267269b2"
          },
          "sensitive_attributes": []
        }
      ]
    },
    {
      "module": "module.vpc_mesh",
      "mode": "managed",
      "type": "aws_route",
      "name": "routes-vpc-apne1-to-vpc-apse1",
      "provider": "module.vpc_mesh.provider[\"registry.terraform.io/hashicorp/aws\"].ap-northeast-1",
      "instances": [
        {
          "index_key": 0,
          "schema_version": 0,
          "attributes": {
            "carrier_gateway_id": "",
            "destination_cidr_block": "10.200.0.0/16",
            "destination_ipv6_cidr_block": "",
            "destination_prefix_list_id": "",
            "egress_only_gateway_id": "",
            "gateway_id": "",
            "id": "r-rtb-0c236ff9e22ab2e814252409353",
            "instance_id": "",
            "instance_owner_id": "",
            "local_gateway_id": "",
            "nat_gateway_id": "",
            "network_interface_id": "",
            "origin": "CreateRoute",
            "route_table_id": "rtb-0c236ff9e22ab2e81",
            "state": "active",
            "timeouts": null,
            "transit_gateway_id": "",
            "vpc_endpoint_id": "",
            "vpc_peering_connection_id": "pcx-054b5a870b523e763"
          },
          "sensitive_attributes": [],
          "private": "eyJlMmJmYjczMC1lY2FhLTExZTYtOGY4OC0zNDM2M2JjN2M0YzAiOnsiY3JlYXRlIjozMDAwMDAwMDAwMDAsImRlbGV0ZSI6MzAwMDAwMDAwMDAwLCJ1cGRhdGUiOjEyMDAwMDAwMDAwMH19",
          "dependencies": [
            "module.vpc_mesh.module.vpcs.module.vpc-apne1.aws_internet_gateway.this",
            "module.vpc_mesh.module.vpcs.module.vpc-apse1.aws_internet_gateway.this",
            "module.vpc_mesh.module.vpcs.module.vpc-apse1.aws_nat_gateway.this",
            "module.vpc_mesh.module.vpcs.module.vpc-apse1.aws_subnet.public",
            "module.vpc_mesh.module.vpcs.module.vpc-apse1.aws_vpc.this",
            "module.vpc_mesh.module.vpcs.module.vpc-apne1.aws_eip.nat",
            "module.vpc_mesh.module.vpcs.module.vpc-apne1.aws_nat_gateway.this",
            "module.vpc_mesh.module.vpcs.module.vpc-apne1.aws_subnet.public",
            "module.vpc_mesh.data.aws_route_tables.rts-vpc-apne1",
            "module.vpc_mesh.module.vpcs.module.vpc-apne1.aws_subnet.private",
            "module.vpc_mesh.module.vpcs.module.vpc-apne1.aws_vpc.this",
            "module.vpc_mesh.module.vpcs.module.vpc-apne1.aws_vpc_ipv4_cidr_block_association.this",
            "module.vpc_mesh.module.vpcs.module.vpc-apse1.aws_eip.nat",
            "module.vpc_mesh.module.vpcs.module.vpc-apse1.aws_subnet.private",
            "module.vpc_mesh.module.vpcs.module.vpc-apse1.aws_vpc_ipv4_cidr_block_association.this",
            "module.vpc_mesh.aws_vpc_peering_connection.r-vpc-apne1-to-vpc-apse1"
          ]
        },
        {
          "index_key": 1,
          "schema_version": 0,
          "attributes": {
            "carrier_gateway_id": "",
            "destination_cidr_block": "10.200.0.0/16",
            "destination_ipv6_cidr_block": "",
            "destination_prefix_list_id": "",
            "egress_only_gateway_id": "",
            "gateway_id": "",
            "id": "r-rtb-0e702651b0e8054ae4252409353",
            "instance_id": "",
            "instance_owner_id": "",
            "local_gateway_id": "",
            "nat_gateway_id": "",
            "network_interface_id": "",
            "origin": "CreateRoute",
            "route_table_id": "rtb-0e702651b0e8054ae",
            "state": "active",
            "timeouts": null,
            "transit_gateway_id": "",
            "vpc_endpoint_id": "",
            "vpc_peering_connection_id": "pcx-054b5a870b523e763"
          },
          "sensitive_attributes": [],
          "private": "eyJlMmJmYjczMC1lY2FhLTExZTYtOGY4OC0zNDM2M2JjN2M0YzAiOnsiY3JlYXRlIjozMDAwMDAwMDAwMDAsImRlbGV0ZSI6MzAwMDAwMDAwMDAwLCJ1cGRhdGUiOjEyMDAwMDAwMDAwMH19",
          "dependencies": [
            "module.vpc_mesh.module.vpcs.module.vpc-apne1.aws_subnet.private",
            "module.vpc_mesh.module.vpcs.module.vpc-apne1.aws_subnet.public",
            "module.vpc_mesh.module.vpcs.module.vpc-apse1.aws_vpc_ipv4_cidr_block_association.this",
            "module.vpc_mesh.data.aws_route_tables.rts-vpc-apne1",
            "module.vpc_mesh.module.vpcs.module.vpc-apne1.aws_nat_gateway.this",
            "module.vpc_mesh.module.vpcs.module.vpc-apse1.aws_internet_gateway.this",
            "module.vpc_mesh.module.vpcs.module.vpc-apse1.aws_subnet.private",
            "module.vpc_mesh.module.vpcs.module.vpc-apne1.aws_internet_gateway.this",
            "module.vpc_mesh.module.vpcs.module.vpc-apne1.aws_vpc.this",
            "module.vpc_mesh.module.vpcs.module.vpc-apne1.aws_vpc_ipv4_cidr_block_association.this",
            "module.vpc_mesh.module.vpcs.module.vpc-apse1.aws_eip.nat",
            "module.vpc_mesh.module.vpcs.module.vpc-apse1.aws_vpc.this",
            "module.vpc_mesh.aws_vpc_peering_connection.r-vpc-apne1-to-vpc-apse1",
            "module.vpc_mesh.module.vpcs.module.vpc-apse1.aws_nat_gateway.this",
            "module.vpc_mesh.module.vpcs.module.vpc-apse1.aws_subnet.public",
            "module.vpc_mesh.module.vpcs.module.vpc-apne1.aws_eip.nat"
          ]
        }
      ]
    },
    {
      "module": "module.vpc_mesh",
      "mode": "managed",
      "type": "aws_route",
      "name": "routes-vpc-apse1-to-vpc-apne1",
      "provider": "module.vpc_mesh.provider[\"registry.terraform.io/hashicorp/aws\"].ap-southeast-1",
      "instances": [
        {
          "index_key": 0,
          "schema_version": 0,
          "attributes": {
            "carrier_gateway_id": "",
            "destination_cidr_block": "10.100.0.0/16",
            "destination_ipv6_cidr_block": "",
            "destination_prefix_list_id": "",
            "egress_only_gateway_id": "",
            "gateway_id": "",
            "id": "r-rtb-0134c5a67d125eb71373368074",
            "instance_id": "",
            "instance_owner_id": "",
            "local_gateway_id": "",
            "nat_gateway_id": "",
            "network_interface_id": "",
            "origin": "CreateRoute",
            "route_table_id": "rtb-0134c5a67d125eb71",
            "state": "active",
            "timeouts": null,
            "transit_gateway_id": "",
            "vpc_endpoint_id": "",
            "vpc_peering_connection_id": "pcx-054b5a870b523e763"
          },
          "sensitive_attributes": [],
          "private": "eyJlMmJmYjczMC1lY2FhLTExZTYtOGY4OC0zNDM2M2JjN2M0YzAiOnsiY3JlYXRlIjozMDAwMDAwMDAwMDAsImRlbGV0ZSI6MzAwMDAwMDAwMDAwLCJ1cGRhdGUiOjEyMDAwMDAwMDAwMH19",
          "dependencies": [
            "module.vpc_mesh.aws_vpc_peering_connection.r-vpc-apne1-to-vpc-apse1",
            "module.vpc_mesh.module.vpcs.module.vpc-apne1.aws_eip.nat",
            "module.vpc_mesh.module.vpcs.module.vpc-apne1.aws_nat_gateway.this",
            "module.vpc_mesh.module.vpcs.module.vpc-apse1.aws_subnet.private",
            "module.vpc_mesh.module.vpcs.module.vpc-apse1.aws_subnet.public",
            "module.vpc_mesh.data.aws_route_tables.rts-vpc-apse1",
            "module.vpc_mesh.module.vpcs.module.vpc-apne1.aws_vpc_ipv4_cidr_block_association.this",
            "module.vpc_mesh.module.vpcs.module.vpc-apse1.aws_internet_gateway.this",
            "module.vpc_mesh.module.vpcs.module.vpc-apse1.aws_vpc.this",
            "module.vpc_mesh.module.vpcs.module.vpc-apse1.aws_vpc_ipv4_cidr_block_association.this",
            "module.vpc_mesh.module.vpcs.module.vpc-apne1.aws_internet_gateway.this",
            "module.vpc_mesh.module.vpcs.module.vpc-apne1.aws_subnet.public",
            "module.vpc_mesh.module.vpcs.module.vpc-apne1.aws_vpc.this",
            "module.vpc_mesh.module.vpcs.module.vpc-apse1.aws_eip.nat",
            "module.vpc_mesh.module.vpcs.module.vpc-apse1.aws_nat_gateway.this",
            "module.vpc_mesh.module.vpcs.module.vpc-apne1.aws_subnet.private"
          ]
        },
        {
          "index_key": 1,
          "schema_version": 0,
          "attributes": {
            "carrier_gateway_id": "",
            "destination_cidr_block": "10.100.0.0/16",
            "destination_ipv6_cidr_block": "",
            "destination_prefix_list_id": "",
            "egress_only_gateway_id": "",
            "gateway_id": "",
            "id": "r-rtb-058cc05995924fbae373368074",
            "instance_id": "",
            "instance_owner_id": "",
            "local_gateway_id": "",
            "nat_gateway_id": "",
            "network_interface_id": "",
            "origin": "CreateRoute",
            "route_table_id": "rtb-058cc05995924fbae",
            "state": "active",
            "timeouts": null,
            "transit_gateway_id": "",
            "vpc_endpoint_id": "",
            "vpc_peering_connection_id": "pcx-054b5a870b523e763"
          },
          "sensitive_attributes": [],
          "private": "eyJlMmJmYjczMC1lY2FhLTExZTYtOGY4OC0zNDM2M2JjN2M0YzAiOnsiY3JlYXRlIjozMDAwMDAwMDAwMDAsImRlbGV0ZSI6MzAwMDAwMDAwMDAwLCJ1cGRhdGUiOjEyMDAwMDAwMDAwMH19",
          "dependencies": [
            "module.vpc_mesh.aws_vpc_peering_connection.r-vpc-apne1-to-vpc-apse1",
            "module.vpc_mesh.data.aws_route_tables.rts-vpc-apse1",
            "module.vpc_mesh.module.vpcs.module.vpc-apne1.aws_subnet.public",
            "module.vpc_mesh.module.vpcs.module.vpc-apse1.aws_internet_gateway.this",
            "module.vpc_mesh.module.vpcs.module.vpc-apse1.aws_vpc.this",
            "module.vpc_mesh.module.vpcs.module.vpc-apne1.aws_nat_gateway.this",
            "module.vpc_mesh.module.vpcs.module.vpc-apne1.aws_vpc_ipv4_cidr_block_association.this",
            "module.vpc_mesh.module.vpcs.module.vpc-apne1.aws_eip.nat",
            "module.vpc_mesh.module.vpcs.module.vpc-apne1.aws_subnet.private",
            "module.vpc_mesh.module.vpcs.module.vpc-apse1.aws_nat_gateway.this",
            "module.vpc_mesh.module.vpcs.module.vpc-apse1.aws_subnet.private",
            "module.vpc_mesh.module.vpcs.module.vpc-apse1.aws_subnet.public",
            "module.vpc_mesh.module.vpcs.module.vpc-apse1.aws_vpc_ipv4_cidr_block_association.this",
            "module.vpc_mesh.module.vpcs.module.vpc-apne1.aws_internet_gateway.this",
            "module.vpc_mesh.module.vpcs.module.vpc-apne1.aws_vpc.this",
            "module.vpc_mesh.module.vpcs.module.vpc-apse1.aws_eip.nat"
          ]
        }
      ]
    },
    {
      "module": "module.vpc_mesh",
      "mode": "managed",
      "type": "aws_vpc_peering_connection",
      "name": "r-vpc-apne1-to-vpc-apse1",
      "provider": "module.vpc_mesh.provider[\"registry.terraform.io/hashicorp/aws\"].ap-northeast-1",
      "instances": [
        {
          "schema_version": 0,
          "attributes": {
            "accept_status": "active",
            "accepter": [
              {
                "allow_classic_link_to_remote_vpc": false,
                "allow_remote_vpc_dns_resolution": true,
                "allow_vpc_to_remote_classic_link": false
              }
            ],
            "auto_accept": null,
            "id": "pcx-054b5a870b523e763",
            "peer_owner_id": "050011372339",
            "peer_region": "ap-southeast-1",
            "peer_vpc_id": "vpc-068f1f538267269b2",
            "requester": [
              {
                "allow_classic_link_to_remote_vpc": false,
                "allow_remote_vpc_dns_resolution": true,
                "allow_vpc_to_remote_classic_link": false
              }
            ],
            "tags": {
              "Side": "Requester"
            },
            "tags_all": {
              "Side": "Requester"
            },
            "timeouts": {
              "create": "10m",
              "delete": "10m",
              "update": null
            },
            "vpc_id": "vpc-02eba23ddbbf5c077"
          },
          "sensitive_attributes": [],
          "private": "eyJlMmJmYjczMC1lY2FhLTExZTYtOGY4OC0zNDM2M2JjN2M0YzAiOnsiY3JlYXRlIjo2MDAwMDAwMDAwMDAsImRlbGV0ZSI6NjAwMDAwMDAwMDAwLCJ1cGRhdGUiOjYwMDAwMDAwMDAwfX0=",
          "dependencies": [
            "module.vpc_mesh.module.vpcs.module.vpc-apne1.aws_vpc.this",
            "module.vpc_mesh.module.vpcs.module.vpc-apse1.aws_nat_gateway.this",
            "module.vpc_mesh.module.vpcs.module.vpc-apse1.aws_subnet.public",
            "module.vpc_mesh.module.vpcs.module.vpc-apse1.aws_vpc.this",
            "module.vpc_mesh.module.vpcs.module.vpc-apne1.aws_eip.nat",
            "module.vpc_mesh.module.vpcs.module.vpc-apne1.aws_vpc_ipv4_cidr_block_association.this",
            "module.vpc_mesh.module.vpcs.module.vpc-apse1.aws_eip.nat",
            "module.vpc_mesh.module.vpcs.module.vpc-apne1.aws_internet_gateway.this",
            "module.vpc_mesh.module.vpcs.module.vpc-apne1.aws_subnet.private",
            "module.vpc_mesh.module.vpcs.module.vpc-apne1.aws_subnet.public",
            "module.vpc_mesh.module.vpcs.module.vpc-apse1.aws_subnet.private",
            "module.vpc_mesh.module.vpcs.module.vpc-apse1.aws_vpc_ipv4_cidr_block_association.this",
            "module.vpc_mesh.module.vpcs.module.vpc-apne1.aws_nat_gateway.this",
            "module.vpc_mesh.module.vpcs.module.vpc-apse1.aws_internet_gateway.this"
          ]
        }
      ]
    },
    {
      "module": "module.vpc_mesh",
      "mode": "managed",
      "type": "aws_vpc_peering_connection_accepter",
      "name": "a-vpc-apse1",
      "provider": "module.vpc_mesh.provider[\"registry.terraform.io/hashicorp/aws\"].ap-southeast-1",
      "instances": [
        {
          "schema_version": 0,
          "attributes": {
            "accept_status": "active",
            "accepter": [
              {
                "allow_classic_link_to_remote_vpc": false,
                "allow_remote_vpc_dns_resolution": true,
                "allow_vpc_to_remote_classic_link": false
              }
            ],
            "auto_accept": true,
            "id": "pcx-054b5a870b523e763",
            "peer_owner_id": "050011372339",
            "peer_region": "ap-southeast-1",
            "peer_vpc_id": "vpc-068f1f538267269b2",
            "requester": [
              {
                "allow_classic_link_to_remote_vpc": false,
                "allow_remote_vpc_dns_resolution": true,
                "allow_vpc_to_remote_classic_link": false
              }
            ],
            "tags": {
              "Side": "Accepter"
            },
            "tags_all": {
              "Side": "Accepter"
            },
            "vpc_id": "vpc-02eba23ddbbf5c077",
            "vpc_peering_connection_id": "pcx-054b5a870b523e763"
          },
          "sensitive_attributes": [],
          "private": "bnVsbA==",
          "dependencies": [
            "module.vpc_mesh.module.vpcs.module.vpc-apne1.aws_subnet.private",
            "module.vpc_mesh.module.vpcs.module.vpc-apne1.aws_vpc.this",
            "module.vpc_mesh.module.vpcs.module.vpc-apne1.aws_vpc_ipv4_cidr_block_association.this",
            "module.vpc_mesh.module.vpcs.module.vpc-apse1.aws_eip.nat",
            "module.vpc_mesh.module.vpcs.module.vpc-apse1.aws_internet_gateway.this",
            "module.vpc_mesh.module.vpcs.module.vpc-apse1.aws_nat_gateway.this",
            "module.vpc_mesh.aws_vpc_peering_connection.r-vpc-apne1-to-vpc-apse1",
            "module.vpc_mesh.module.vpcs.module.vpc-apne1.aws_eip.nat",
            "module.vpc_mesh.module.vpcs.module.vpc-apse1.aws_subnet.public",
            "module.vpc_mesh.module.vpcs.module.vpc-apse1.aws_vpc_ipv4_cidr_block_association.this",
            "module.vpc_mesh.module.vpcs.module.vpc-apse1.aws_subnet.private",
            "module.vpc_mesh.module.vpcs.module.vpc-apse1.aws_vpc.this",
            "module.vpc_mesh.module.vpcs.module.vpc-apne1.aws_subnet.public",
            "module.vpc_mesh.module.vpcs.module.vpc-apne1.aws_internet_gateway.this",
            "module.vpc_mesh.module.vpcs.module.vpc-apne1.aws_nat_gateway.this"
          ]
        }
      ]
    },
    {
      "module": "module.vpc_mesh",
      "mode": "managed",
      "type": "aws_vpc_peering_connection_options",
      "name": "a-vpc-apse1",
      "provider": "module.vpc_mesh.provider[\"registry.terraform.io/hashicorp/aws\"].ap-southeast-1",
      "instances": [
        {
          "schema_version": 0,
          "attributes": {
            "accepter": [
              {
                "allow_classic_link_to_remote_vpc": false,
                "allow_remote_vpc_dns_resolution": true,
                "allow_vpc_to_remote_classic_link": false
              }
            ],
            "id": "pcx-054b5a870b523e763",
            "requester": [
              {
                "allow_classic_link_to_remote_vpc": false,
                "allow_remote_vpc_dns_resolution": true,
                "allow_vpc_to_remote_classic_link": false
              }
            ],
            "vpc_peering_connection_id": "pcx-054b5a870b523e763"
          },
          "sensitive_attributes": [],
          "private": "bnVsbA==",
          "dependencies": [
            "module.vpc_mesh.aws_vpc_peering_connection_accepter.a-vpc-apse1"
          ]
        }
      ]
    },
    {
      "module": "module.vpc_mesh",
      "mode": "managed",
      "type": "aws_vpc_peering_connection_options",
      "name": "r-vpc-apne1-to-vpc-apse1",
      "provider": "module.vpc_mesh.provider[\"registry.terraform.io/hashicorp/aws\"].ap-northeast-1",
      "instances": [
        {
          "schema_version": 0,
          "attributes": {
            "accepter": [
              {
                "allow_classic_link_to_remote_vpc": false,
                "allow_remote_vpc_dns_resolution": true,
                "allow_vpc_to_remote_classic_link": false
              }
            ],
            "id": "pcx-054b5a870b523e763",
            "requester": [
              {
                "allow_classic_link_to_remote_vpc": false,
                "allow_remote_vpc_dns_resolution": true,
                "allow_vpc_to_remote_classic_link": false
              }
            ],
            "vpc_peering_connection_id": "pcx-054b5a870b523e763"
          },
          "sensitive_attributes": [],
          "private": "bnVsbA==",
          "dependencies": [
            "module.vpc_mesh.aws_vpc_peering_connection_accepter.a-vpc-apse1"
          ]
        }
      ]
    },
    {
      "module": "module.vpc_mesh.module.vpcs.module.vpc-apne1",
      "mode": "managed",
      "type": "aws_internet_gateway",
      "name": "this",
      "provider": "module.vpc_mesh.module.vpcs.provider[\"registry.terraform.io/hashicorp/aws\"].ap-northeast-1",
      "instances": [
        {
          "index_key": 0,
          "schema_version": 0,
          "attributes": {
            "arn": "arn:aws:ec2:ap-northeast-1:050011372339:internet-gateway/igw-059e76d036d8028d1",
            "id": "igw-059e76d036d8028d1",
            "owner_id": "050011372339",
            "tags": {
              "Name": "vpc-apne1"
            },
            "tags_all": {
              "Name": "vpc-apne1"
            },
            "vpc_id": "vpc-02eba23ddbbf5c077"
          },
          "sensitive_attributes": [],
          "private": "bnVsbA==",
          "dependencies": [
            "module.vpc_mesh.module.vpcs.module.vpc-apne1.aws_vpc.this",
            "module.vpc_mesh.module.vpcs.module.vpc-apne1.aws_vpc_ipv4_cidr_block_association.this"
          ]
        }
      ]
    },
    {
      "module": "module.vpc_mesh.module.vpcs.module.vpc-apne1",
      "mode": "managed",
      "type": "aws_route",
      "name": "public_internet_gateway",
      "provider": "module.vpc_mesh.module.vpcs.provider[\"registry.terraform.io/hashicorp/aws\"].ap-northeast-1",
      "instances": [
        {
          "index_key": 0,
          "schema_version": 0,
          "attributes": {
            "carrier_gateway_id": "",
            "destination_cidr_block": "0.0.0.0/0",
            "destination_ipv6_cidr_block": "",
            "destination_prefix_list_id": "",
            "egress_only_gateway_id": "",
            "gateway_id": "igw-059e76d036d8028d1",
            "id": "r-rtb-0e702651b0e8054ae1080289494",
            "instance_id": "",
            "instance_owner_id": "",
            "local_gateway_id": "",
            "nat_gateway_id": "",
            "network_interface_id": "",
            "origin": "CreateRoute",
            "route_table_id": "rtb-0e702651b0e8054ae",
            "state": "active",
            "timeouts": {
              "create": "5m",
              "delete": null,
              "update": null
            },
            "transit_gateway_id": "",
            "vpc_endpoint_id": "",
            "vpc_peering_connection_id": ""
          },
          "sensitive_attributes": [],
          "private": "eyJlMmJmYjczMC1lY2FhLTExZTYtOGY4OC0zNDM2M2JjN2M0YzAiOnsiY3JlYXRlIjozMDAwMDAwMDAwMDAsImRlbGV0ZSI6MzAwMDAwMDAwMDAwLCJ1cGRhdGUiOjEyMDAwMDAwMDAwMH19",
          "dependencies": [
            "module.vpc_mesh.module.vpcs.module.vpc-apne1.aws_route_table.public",
            "module.vpc_mesh.module.vpcs.module.vpc-apne1.aws_vpc.this",
            "module.vpc_mesh.module.vpcs.module.vpc-apne1.aws_vpc_ipv4_cidr_block_association.this",
            "module.vpc_mesh.module.vpcs.module.vpc-apne1.aws_internet_gateway.this"
          ]
        }
      ]
    },
    {
      "module": "module.vpc_mesh.module.vpcs.module.vpc-apne1",
      "mode": "managed",
      "type": "aws_route_table",
      "name": "public",
      "provider": "module.vpc_mesh.module.vpcs.provider[\"registry.terraform.io/hashicorp/aws\"].ap-northeast-1",
      "instances": [
        {
          "index_key": 0,
          "schema_version": 0,
          "attributes": {
            "arn": "arn:aws:ec2:ap-northeast-1:050011372339:route-table/rtb-0e702651b0e8054ae",
            "id": "rtb-0e702651b0e8054ae",
            "owner_id": "050011372339",
            "propagating_vgws": [],
            "route": [
              {
                "carrier_gateway_id": "",
                "cidr_block": "0.0.0.0/0",
                "destination_prefix_list_id": "",
                "egress_only_gateway_id": "",
                "gateway_id": "igw-059e76d036d8028d1",
                "instance_id": "",
                "ipv6_cidr_block": "",
                "local_gateway_id": "",
                "nat_gateway_id": "",
                "network_interface_id": "",
                "transit_gateway_id": "",
                "vpc_endpoint_id": "",
                "vpc_peering_connection_id": ""
              },
              {
                "carrier_gateway_id": "",
                "cidr_block": "10.200.0.0/16",
                "destination_prefix_list_id": "",
                "egress_only_gateway_id": "",
                "gateway_id": "",
                "instance_id": "",
                "ipv6_cidr_block": "",
                "local_gateway_id": "",
                "nat_gateway_id": "",
                "network_interface_id": "",
                "transit_gateway_id": "",
                "vpc_endpoint_id": "",
                "vpc_peering_connection_id": "pcx-054b5a870b523e763"
              }
            ],
            "tags": {
              "Name": "vpc-apne1-public"
            },
            "tags_all": {
              "Name": "vpc-apne1-public"
            },
            "timeouts": null,
            "vpc_id": "vpc-02eba23ddbbf5c077"
          },
          "sensitive_attributes": [],
          "private": "eyJlMmJmYjczMC1lY2FhLTExZTYtOGY4OC0zNDM2M2JjN2M0YzAiOnsiY3JlYXRlIjozMDAwMDAwMDAwMDAsImRlbGV0ZSI6MzAwMDAwMDAwMDAwLCJ1cGRhdGUiOjEyMDAwMDAwMDAwMH19",
          "dependencies": [
            "module.vpc_mesh.module.vpcs.module.vpc-apne1.aws_vpc.this",
            "module.vpc_mesh.module.vpcs.module.vpc-apne1.aws_vpc_ipv4_cidr_block_association.this"
          ]
        }
      ]
    },
    {
      "module": "module.vpc_mesh.module.vpcs.module.vpc-apne1",
      "mode": "managed",
      "type": "aws_route_table_association",
      "name": "public",
      "provider": "module.vpc_mesh.module.vpcs.provider[\"registry.terraform.io/hashicorp/aws\"].ap-northeast-1",
      "instances": [
        {
          "index_key": 0,
          "schema_version": 0,
          "attributes": {
            "gateway_id": "",
            "id": "rtbassoc-0f374b84d6e666c02",
            "route_table_id": "rtb-0e702651b0e8054ae",
            "subnet_id": "subnet-0af26ff6b484dd1e8"
          },
          "sensitive_attributes": [],
          "private": "bnVsbA==",
          "dependencies": [
            "module.vpc_mesh.module.vpcs.module.vpc-apne1.aws_route_table.public",
            "module.vpc_mesh.module.vpcs.module.vpc-apne1.aws_subnet.public",
            "module.vpc_mesh.module.vpcs.module.vpc-apne1.aws_vpc.this",
            "module.vpc_mesh.module.vpcs.module.vpc-apne1.aws_vpc_ipv4_cidr_block_association.this"
          ]
        }
      ]
    },
    {
      "module": "module.vpc_mesh.module.vpcs.module.vpc-apne1",
      "mode": "managed",
      "type": "aws_subnet",
      "name": "public",
      "provider": "module.vpc_mesh.module.vpcs.provider[\"registry.terraform.io/hashicorp/aws\"].ap-northeast-1",
      "instances": [
        {
          "index_key": 0,
          "schema_version": 1,
          "attributes": {
            "arn": "arn:aws:ec2:ap-northeast-1:050011372339:subnet/subnet-0af26ff6b484dd1e8",
            "assign_ipv6_address_on_creation": false,
            "availability_zone": "ap-northeast-1a",
            "availability_zone_id": "apne1-az4",
            "cidr_block": "10.100.0.0/24",
            "customer_owned_ipv4_pool": "",
            "id": "subnet-0af26ff6b484dd1e8",
            "ipv6_cidr_block": "",
            "ipv6_cidr_block_association_id": "",
            "map_customer_owned_ip_on_launch": false,
            "map_public_ip_on_launch": true,
            "outpost_arn": "",
            "owner_id": "050011372339",
            "tags": {
              "Name": "vpc-apne1-public-ap-northeast-1a"
            },
            "tags_all": {
              "Name": "vpc-apne1-public-ap-northeast-1a"
            },
            "timeouts": null,
            "vpc_id": "vpc-02eba23ddbbf5c077"
          },
          "sensitive_attributes": [],
          "private": "eyJlMmJmYjczMC1lY2FhLTExZTYtOGY4OC0zNDM2M2JjN2M0YzAiOnsiY3JlYXRlIjo2MDAwMDAwMDAwMDAsImRlbGV0ZSI6MTIwMDAwMDAwMDAwMH0sInNjaGVtYV92ZXJzaW9uIjoiMSJ9",
          "dependencies": [
            "module.vpc_mesh.module.vpcs.module.vpc-apne1.aws_vpc.this",
            "module.vpc_mesh.module.vpcs.module.vpc-apne1.aws_vpc_ipv4_cidr_block_association.this"
          ]
        }
      ]
    },
    {
      "module": "module.vpc_mesh.module.vpcs.module.vpc-apne1",
      "mode": "managed",
      "type": "aws_vpc",
      "name": "this",
      "provider": "module.vpc_mesh.module.vpcs.provider[\"registry.terraform.io/hashicorp/aws\"].ap-northeast-1",
      "instances": [
        {
          "index_key": 0,
          "schema_version": 1,
          "attributes": {
            "arn": "arn:aws:ec2:ap-northeast-1:050011372339:vpc/vpc-02eba23ddbbf5c077",
            "assign_generated_ipv6_cidr_block": false,
            "cidr_block": "10.100.0.0/16",
            "default_network_acl_id": "acl-087bac216a3360401",
            "default_route_table_id": "rtb-0c236ff9e22ab2e81",
            "default_security_group_id": "sg-01436fe8465d9c6f8",
            "dhcp_options_id": "dopt-07519ac97a24fac0d",
            "enable_classiclink": false,
            "enable_classiclink_dns_support": false,
            "enable_dns_hostnames": true,
            "enable_dns_support": true,
            "id": "vpc-02eba23ddbbf5c077",
            "instance_tenancy": "default",
            "ipv4_ipam_pool_id": null,
            "ipv4_netmask_length": null,
            "ipv6_association_id": "",
            "ipv6_cidr_block": "",
            "ipv6_ipam_pool_id": null,
            "ipv6_netmask_length": null,
            "main_route_table_id": "rtb-0c236ff9e22ab2e81",
            "owner_id": "050011372339",
            "tags": {
              "Name": "vpc-apne1"
            },
            "tags_all": {
              "Name": "vpc-apne1"
            }
          },
          "sensitive_attributes": [],
          "private": "eyJzY2hlbWFfdmVyc2lvbiI6IjEifQ=="
        }
      ]
    },
    {
      "module": "module.vpc_mesh.module.vpcs.module.vpc-apse1",
      "mode": "managed",
      "type": "aws_internet_gateway",
      "name": "this",
      "provider": "module.vpc_mesh.module.vpcs.provider[\"registry.terraform.io/hashicorp/aws\"].ap-southeast-1",
      "instances": [
        {
          "index_key": 0,
          "schema_version": 0,
          "attributes": {
            "arn": "arn:aws:ec2:ap-southeast-1:050011372339:internet-gateway/igw-0a91781e6caf7c022",
            "id": "igw-0a91781e6caf7c022",
            "owner_id": "050011372339",
            "tags": {
              "Name": "vpc-apse1"
            },
            "tags_all": {
              "Name": "vpc-apse1"
            },
            "vpc_id": "vpc-068f1f538267269b2"
          },
          "sensitive_attributes": [],
          "private": "bnVsbA==",
          "dependencies": [
            "module.vpc_mesh.module.vpcs.module.vpc-apse1.aws_vpc_ipv4_cidr_block_association.this",
            "module.vpc_mesh.module.vpcs.module.vpc-apse1.aws_vpc.this"
          ]
        }
      ]
    },
    {
      "module": "module.vpc_mesh.module.vpcs.module.vpc-apse1",
      "mode": "managed",
      "type": "aws_route",
      "name": "public_internet_gateway",
      "provider": "module.vpc_mesh.module.vpcs.provider[\"registry.terraform.io/hashicorp/aws\"].ap-southeast-1",
      "instances": [
        {
          "index_key": 0,
          "schema_version": 0,
          "attributes": {
            "carrier_gateway_id": "",
            "destination_cidr_block": "0.0.0.0/0",
            "destination_ipv6_cidr_block": "",
            "destination_prefix_list_id": "",
            "egress_only_gateway_id": "",
            "gateway_id": "igw-0a91781e6caf7c022",
            "id": "r-rtb-0134c5a67d125eb711080289494",
            "instance_id": "",
            "instance_owner_id": "",
            "local_gateway_id": "",
            "nat_gateway_id": "",
            "network_interface_id": "",
            "origin": "CreateRoute",
            "route_table_id": "rtb-0134c5a67d125eb71",
            "state": "active",
            "timeouts": {
              "create": "5m",
              "delete": null,
              "update": null
            },
            "transit_gateway_id": "",
            "vpc_endpoint_id": "",
            "vpc_peering_connection_id": ""
          },
          "sensitive_attributes": [],
          "private": "eyJlMmJmYjczMC1lY2FhLTExZTYtOGY4OC0zNDM2M2JjN2M0YzAiOnsiY3JlYXRlIjozMDAwMDAwMDAwMDAsImRlbGV0ZSI6MzAwMDAwMDAwMDAwLCJ1cGRhdGUiOjEyMDAwMDAwMDAwMH19",
          "dependencies": [
            "module.vpc_mesh.module.vpcs.module.vpc-apse1.aws_vpc.this",
            "module.vpc_mesh.module.vpcs.module.vpc-apse1.aws_vpc_ipv4_cidr_block_association.this",
            "module.vpc_mesh.module.vpcs.module.vpc-apse1.aws_internet_gateway.this",
            "module.vpc_mesh.module.vpcs.module.vpc-apse1.aws_route_table.public"
          ]
        }
      ]
    },
    {
      "module": "module.vpc_mesh.module.vpcs.module.vpc-apse1",
      "mode": "managed",
      "type": "aws_route_table",
      "name": "public",
      "provider": "module.vpc_mesh.module.vpcs.provider[\"registry.terraform.io/hashicorp/aws\"].ap-southeast-1",
      "instances": [
        {
          "index_key": 0,
          "schema_version": 0,
          "attributes": {
            "arn": "arn:aws:ec2:ap-southeast-1:050011372339:route-table/rtb-0134c5a67d125eb71",
            "id": "rtb-0134c5a67d125eb71",
            "owner_id": "050011372339",
            "propagating_vgws": [],
            "route": [
              {
                "carrier_gateway_id": "",
                "cidr_block": "0.0.0.0/0",
                "destination_prefix_list_id": "",
                "egress_only_gateway_id": "",
                "gateway_id": "igw-0a91781e6caf7c022",
                "instance_id": "",
                "ipv6_cidr_block": "",
                "local_gateway_id": "",
                "nat_gateway_id": "",
                "network_interface_id": "",
                "transit_gateway_id": "",
                "vpc_endpoint_id": "",
                "vpc_peering_connection_id": ""
              },
              {
                "carrier_gateway_id": "",
                "cidr_block": "10.100.0.0/16",
                "destination_prefix_list_id": "",
                "egress_only_gateway_id": "",
                "gateway_id": "",
                "instance_id": "",
                "ipv6_cidr_block": "",
                "local_gateway_id": "",
                "nat_gateway_id": "",
                "network_interface_id": "",
                "transit_gateway_id": "",
                "vpc_endpoint_id": "",
                "vpc_peering_connection_id": "pcx-054b5a870b523e763"
              }
            ],
            "tags": {
              "Name": "vpc-apse1-public"
            },
            "tags_all": {
              "Name": "vpc-apse1-public"
            },
            "timeouts": null,
            "vpc_id": "vpc-068f1f538267269b2"
          },
          "sensitive_attributes": [],
          "private": "eyJlMmJmYjczMC1lY2FhLTExZTYtOGY4OC0zNDM2M2JjN2M0YzAiOnsiY3JlYXRlIjozMDAwMDAwMDAwMDAsImRlbGV0ZSI6MzAwMDAwMDAwMDAwLCJ1cGRhdGUiOjEyMDAwMDAwMDAwMH19",
          "dependencies": [
            "module.vpc_mesh.module.vpcs.module.vpc-apse1.aws_vpc.this",
            "module.vpc_mesh.module.vpcs.module.vpc-apse1.aws_vpc_ipv4_cidr_block_association.this"
          ]
        }
      ]
    },
    {
      "module": "module.vpc_mesh.module.vpcs.module.vpc-apse1",
      "mode": "managed",
      "type": "aws_route_table_association",
      "name": "public",
      "provider": "module.vpc_mesh.module.vpcs.provider[\"registry.terraform.io/hashicorp/aws\"].ap-southeast-1",
      "instances": [
        {
          "index_key": 0,
          "schema_version": 0,
          "attributes": {
            "gateway_id": "",
            "id": "rtbassoc-0da4901f28941384c",
            "route_table_id": "rtb-0134c5a67d125eb71",
            "subnet_id": "subnet-0f00257a3d86dd480"
          },
          "sensitive_attributes": [],
          "private": "bnVsbA==",
          "dependencies": [
            "module.vpc_mesh.module.vpcs.module.vpc-apse1.aws_route_table.public",
            "module.vpc_mesh.module.vpcs.module.vpc-apse1.aws_subnet.public",
            "module.vpc_mesh.module.vpcs.module.vpc-apse1.aws_vpc.this",
            "module.vpc_mesh.module.vpcs.module.vpc-apse1.aws_vpc_ipv4_cidr_block_association.this"
          ]
        }
      ]
    },
    {
      "module": "module.vpc_mesh.module.vpcs.module.vpc-apse1",
      "mode": "managed",
      "type": "aws_subnet",
      "name": "public",
      "provider": "module.vpc_mesh.module.vpcs.provider[\"registry.terraform.io/hashicorp/aws\"].ap-southeast-1",
      "instances": [
        {
          "index_key": 0,
          "schema_version": 1,
          "attributes": {
            "arn": "arn:aws:ec2:ap-southeast-1:050011372339:subnet/subnet-0f00257a3d86dd480",
            "assign_ipv6_address_on_creation": false,
            "availability_zone": "ap-southeast-1a",
            "availability_zone_id": "apse1-az2",
            "cidr_block": "10.200.0.0/24",
            "customer_owned_ipv4_pool": "",
            "id": "subnet-0f00257a3d86dd480",
            "ipv6_cidr_block": "",
            "ipv6_cidr_block_association_id": "",
            "map_customer_owned_ip_on_launch": false,
            "map_public_ip_on_launch": true,
            "outpost_arn": "",
            "owner_id": "050011372339",
            "tags": {
              "Name": "vpc-apse1-public-ap-southeast-1a"
            },
            "tags_all": {
              "Name": "vpc-apse1-public-ap-southeast-1a"
            },
            "timeouts": null,
            "vpc_id": "vpc-068f1f538267269b2"
          },
          "sensitive_attributes": [],
          "private": "eyJlMmJmYjczMC1lY2FhLTExZTYtOGY4OC0zNDM2M2JjN2M0YzAiOnsiY3JlYXRlIjo2MDAwMDAwMDAwMDAsImRlbGV0ZSI6MTIwMDAwMDAwMDAwMH0sInNjaGVtYV92ZXJzaW9uIjoiMSJ9",
          "dependencies": [
            "module.vpc_mesh.module.vpcs.module.vpc-apse1.aws_vpc.this",
            "module.vpc_mesh.module.vpcs.module.vpc-apse1.aws_vpc_ipv4_cidr_block_association.this"
          ]
        }
      ]
    },
    {
      "module": "module.vpc_mesh.module.vpcs.module.vpc-apse1",
      "mode": "managed",
      "type": "aws_vpc",
      "name": "this",
      "provider": "module.vpc_mesh.module.vpcs.provider[\"registry.terraform.io/hashicorp/aws\"].ap-southeast-1",
      "instances": [
        {
          "index_key": 0,
          "schema_version": 1,
          "attributes": {
            "arn": "arn:aws:ec2:ap-southeast-1:050011372339:vpc/vpc-068f1f538267269b2",
            "assign_generated_ipv6_cidr_block": false,
            "cidr_block": "10.200.0.0/16",
            "default_network_acl_id": "acl-08c682d5e95fd838f",
            "default_route_table_id": "rtb-058cc05995924fbae",
            "default_security_group_id": "sg-094da6acc991bfe1b",
            "dhcp_options_id": "dopt-7aed151c",
            "enable_classiclink": false,
            "enable_classiclink_dns_support": false,
            "enable_dns_hostnames": true,
            "enable_dns_support": true,
            "id": "vpc-068f1f538267269b2",
            "instance_tenancy": "default",
            "ipv4_ipam_pool_id": null,
            "ipv4_netmask_length": null,
            "ipv6_association_id": "",
            "ipv6_cidr_block": "",
            "ipv6_ipam_pool_id": null,
            "ipv6_netmask_length": null,
            "main_route_table_id": "rtb-058cc05995924fbae",
            "owner_id": "050011372339",
            "tags": {
              "Name": "vpc-apse1"
            },
            "tags_all": {
              "Name": "vpc-apse1"
            }
          },
          "sensitive_attributes": [],
          "private": "eyJzY2hlbWFfdmVyc2lvbiI6IjEifQ=="
        }
      ]
    }
  ]
}
