{
  "version": 4,
  "terraform_version": "0.15.5",
  "serial": 15,
  "lineage": "41cb50a8-2d3c-a469-b003-518411fb6ace",
  "outputs": {},
  "resources": [
    {
      "mode": "managed",
      "type": "helm_release",
      "name": "prometheus",
      "provider": "provider[\"registry.terraform.io/hashicorp/helm\"]",
      "instances": [
        {
          "schema_version": 0,
          "attributes": {
            "atomic": false,
            "chart": "kube-prometheus-stack",
            "cleanup_on_fail": false,
            "create_namespace": false,
            "dependency_update": false,
            "description": null,
            "devel": null,
            "disable_crd_hooks": false,
            "disable_openapi_validation": false,
            "disable_webhooks": false,
            "force_update": false,
            "id": "prometheus",
            "keyring": null,
            "lint": false,
            "manifest": null,
            "max_history": 0,
            "metadata": [
              {
                "app_version": "0.48.0",
                "chart": "kube-prometheus-stack",
                "name": "prometheus",
                "namespace": "monitoring",
                "revision": 1,
                "values": "{\"kubelet\":{\"serviceMonitor\":{\"https\":true}},\"prometheus\":{\"prometheusSpec\":{\"serviceMonitorSelectorNilUsesHelmValues\":false}}}",
                "version": "16.3.1"
              }
            ],
            "name": "prometheus",
            "namespace": "monitoring",
            "postrender": [],
            "recreate_pods": false,
            "render_subchart_notes": true,
            "replace": false,
            "repository": "https://prometheus-community.github.io/helm-charts",
            "repository_ca_file": null,
            "repository_cert_file": null,
            "repository_key_file": null,
            "repository_password": null,
            "repository_username": null,
            "reset_values": false,
            "reuse_values": false,
            "set": [
              {
                "name": "kubelet.serviceMonitor.https",
                "type": "",
                "value": "true"
              },
              {
                "name": "prometheus.prometheusSpec.serviceMonitorSelectorNilUsesHelmValues",
                "type": "",
                "value": "false"
              }
            ],
            "set_sensitive": [],
            "skip_crds": false,
            "status": "deployed",
            "timeout": 300,
            "values": null,
            "verify": false,
            "version": "16.3.1",
            "wait": true,
            "wait_for_jobs": false
          },
          "sensitive_attributes": [],
          "private": "bnVsbA=="
        }
      ]
    }
  ]
}
